// !$*UTF8*$!
{
	archiveVersion = 1;
	classes = {
	};
	objectVersion = 52;
	objects = {

/* Begin PBXBuildFile section */
		63636F212595F48800C4416C /* ScrumdingerApp.swift in Sources */ = {isa = PBXBuildFile; fileRef = 63636F202595F48800C4416C /* ScrumdingerApp.swift */; };
		63636F232595F48800C4416C /* MeetingView.swift in Sources */ = {isa = PBXBuildFile; fileRef = 63636F222595F48800C4416C /* MeetingView.swift */; };
		63636F252595F48900C4416C /* Assets.xcassets in Resources */ = {isa = PBXBuildFile; fileRef = 63636F242595F48900C4416C /* Assets.xcassets */; };
		63636F282595F48900C4416C /* Preview Assets.xcassets in Resources */ = {isa = PBXBuildFile; fileRef = 63636F272595F48900C4416C /* Preview Assets.xcassets */; };
		63AD533D259F5A1B003EB59D /* EditView.swift in Sources */ = {isa = PBXBuildFile; fileRef = 63AD533C259F5A1B003EB59D /* EditView.swift */; };
		63B62E792598C7F9008600BE /* DailyScrum.swift in Sources */ = {isa = PBXBuildFile; fileRef = 63B62E782598C7F9008600BE /* DailyScrum.swift */; };
		63B62E7D2598C98F008600BE /* CardView.swift in Sources */ = {isa = PBXBuildFile; fileRef = 63B62E7C2598C98F008600BE /* CardView.swift */; };
		63B62E812598CC1E008600BE /* Color+Codable.swift in Sources */ = {isa = PBXBuildFile; fileRef = 63B62E802598CC1E008600BE /* Color+Codable.swift */; };
		63C1F2E525A79C5500FBC78B /* MeetingHeaderView.swift in Sources */ = {isa = PBXBuildFile; fileRef = 63C1F2E425A79C5500FBC78B /* MeetingHeaderView.swift */; };
		63C1F2E825A7A5F600FBC78B /* ScrumTimer.swift in Sources */ = {isa = PBXBuildFile; fileRef = 63C1F2E725A7A5F600FBC78B /* ScrumTimer.swift */; };
		63C1F2EB25A7BF2D00FBC78B /* MeetingFooterView.swift in Sources */ = {isa = PBXBuildFile; fileRef = 63C1F2EA25A7BF2D00FBC78B /* MeetingFooterView.swift */; };
		63C2055B259CB300001536A0 /* DetailView.swift in Sources */ = {isa = PBXBuildFile; fileRef = 63C2055A259CB300001536A0 /* DetailView.swift */; };
		63F071EC25A4C4A500FE28A8 /* Typographizer in Frameworks */ = {isa = PBXBuildFile; productRef = 63F071EB25A4C4A500FE28A8 /* Typographizer */; };
		63F9E91E259A975700257AD7 /* ScrumsView.swift in Sources */ = {isa = PBXBuildFile; fileRef = 63F9E91D259A975700257AD7 /* ScrumsView.swift */; };
/* End PBXBuildFile section */

/* Begin PBXFileReference section */
		63636F1D2595F48800C4416C /* Scrumdinger.app */ = {isa = PBXFileReference; explicitFileType = wrapper.application; includeInIndex = 0; path = Scrumdinger.app; sourceTree = BUILT_PRODUCTS_DIR; };
		63636F202595F48800C4416C /* ScrumdingerApp.swift */ = {isa = PBXFileReference; lastKnownFileType = sourcecode.swift; path = ScrumdingerApp.swift; sourceTree = "<group>"; };
		63636F222595F48800C4416C /* MeetingView.swift */ = {isa = PBXFileReference; lastKnownFileType = sourcecode.swift; path = MeetingView.swift; sourceTree = "<group>"; };
		63636F242595F48900C4416C /* Assets.xcassets */ = {isa = PBXFileReference; lastKnownFileType = folder.assetcatalog; path = Assets.xcassets; sourceTree = "<group>"; };
		63636F272595F48900C4416C /* Preview Assets.xcassets */ = {isa = PBXFileReference; lastKnownFileType = folder.assetcatalog; path = "Preview Assets.xcassets"; sourceTree = "<group>"; };
		63636F292595F48900C4416C /* Info.plist */ = {isa = PBXFileReference; lastKnownFileType = text.plist.xml; path = Info.plist; sourceTree = "<group>"; };
		63AD533C259F5A1B003EB59D /* EditView.swift */ = {isa = PBXFileReference; lastKnownFileType = sourcecode.swift; path = EditView.swift; sourceTree = "<group>"; };
		63B62E782598C7F9008600BE /* DailyScrum.swift */ = {isa = PBXFileReference; lastKnownFileType = sourcecode.swift; path = DailyScrum.swift; sourceTree = "<group>"; };
		63B62E7C2598C98F008600BE /* CardView.swift */ = {isa = PBXFileReference; lastKnownFileType = sourcecode.swift; path = CardView.swift; sourceTree = "<group>"; };
		63B62E802598CC1E008600BE /* Color+Codable.swift */ = {isa = PBXFileReference; lastKnownFileType = sourcecode.swift; path = "Color+Codable.swift"; sourceTree = "<group>"; };
		63C1F2E425A79C5500FBC78B /* MeetingHeaderView.swift */ = {isa = PBXFileReference; lastKnownFileType = sourcecode.swift; path = MeetingHeaderView.swift; sourceTree = "<group>"; };
		63C1F2E725A7A5F600FBC78B /* ScrumTimer.swift */ = {isa = PBXFileReference; lastKnownFileType = sourcecode.swift; path = ScrumTimer.swift; sourceTree = "<group>"; };
		63C1F2EA25A7BF2D00FBC78B /* MeetingFooterView.swift */ = {isa = PBXFileReference; lastKnownFileType = sourcecode.swift; path = MeetingFooterView.swift; sourceTree = "<group>"; };
		63C2055A259CB300001536A0 /* DetailView.swift */ = {isa = PBXFileReference; lastKnownFileType = sourcecode.swift; path = DetailView.swift; sourceTree = "<group>"; };
		63F9E91D259A975700257AD7 /* ScrumsView.swift */ = {isa = PBXFileReference; lastKnownFileType = sourcecode.swift; path = ScrumsView.swift; sourceTree = "<group>"; };
/* End PBXFileReference section */

/* Begin PBXFrameworksBuildPhase section */
		63636F1A2595F48800C4416C /* Frameworks */ = {
			isa = PBXFrameworksBuildPhase;
			buildActionMask = 2147483647;
			files = (
				63F071EC25A4C4A500FE28A8 /* Typographizer in Frameworks */,
			);
			runOnlyForDeploymentPostprocessing = 0;
		};
/* End PBXFrameworksBuildPhase section */

/* Begin PBXGroup section */
		63636F142595F48800C4416C = {
			isa = PBXGroup;
			children = (
				63636F1F2595F48800C4416C /* Scrumdinger */,
				63636F1E2595F48800C4416C /* Products */,
			);
			sourceTree = "<group>";
		};
		63636F1E2595F48800C4416C /* Products */ = {
			isa = PBXGroup;
			children = (
				63636F1D2595F48800C4416C /* Scrumdinger.app */,
			);
			name = Products;
			sourceTree = "<group>";
		};
		63636F1F2595F48800C4416C /* Scrumdinger */ = {
			isa = PBXGroup;
			children = (
				63B62E7B2598C937008600BE /* Models */,
				63636F202595F48800C4416C /* ScrumdingerApp.swift */,
				63636F222595F48800C4416C /* MeetingView.swift */,
				63636F242595F48900C4416C /* Assets.xcassets */,
				63636F292595F48900C4416C /* Info.plist */,
				63636F262595F48900C4416C /* Preview Content */,
				63B62E7C2598C98F008600BE /* CardView.swift */,
				63F9E91D259A975700257AD7 /* ScrumsView.swift */,
				63C2055A259CB300001536A0 /* DetailView.swift */,
				63AD533C259F5A1B003EB59D /* EditView.swift */,
				63C1F2E425A79C5500FBC78B /* MeetingHeaderView.swift */,
				63C1F2EA25A7BF2D00FBC78B /* MeetingFooterView.swift */,
			);
			path = Scrumdinger;
			sourceTree = "<group>";
		};
		63636F262595F48900C4416C /* Preview Content */ = {
			isa = PBXGroup;
			children = (
				63636F272595F48900C4416C /* Preview Assets.xcassets */,
			);
			path = "Preview Content";
			sourceTree = "<group>";
		};
		63B62E7B2598C937008600BE /* Models */ = {
			isa = PBXGroup;
			children = (
				63B62E782598C7F9008600BE /* DailyScrum.swift */,
				63B62E802598CC1E008600BE /* Color+Codable.swift */,
				63C1F2E725A7A5F600FBC78B /* ScrumTimer.swift */,
			);
			path = Models;
			sourceTree = "<group>";
		};
/* End PBXGroup section */

/* Begin PBXNativeTarget section */
		63636F1C2595F48800C4416C /* Scrumdinger */ = {
			isa = PBXNativeTarget;
			buildConfigurationList = 63636F2C2595F48900C4416C /* Build configuration list for PBXNativeTarget "Scrumdinger" */;
			buildPhases = (
				63636F192595F48800C4416C /* Sources */,
				63636F1A2595F48800C4416C /* Frameworks */,
				63636F1B2595F48800C4416C /* Resources */,
			);
			buildRules = (
			);
			dependencies = (
			);
			name = Scrumdinger;
			packageProductDependencies = (
				63F071EB25A4C4A500FE28A8 /* Typographizer */,
			);
			productName = Scrumdinger;
			productReference = 63636F1D2595F48800C4416C /* Scrumdinger.app */;
			productType = "com.apple.product-type.application";
		};
/* End PBXNativeTarget section */

/* Begin PBXProject section */
		63636F152595F48800C4416C /* Project object */ = {
			isa = PBXProject;
			attributes = {
				LastSwiftUpdateCheck = 1230;
				LastUpgradeCheck = 1230;
				TargetAttributes = {
					63636F1C2595F48800C4416C = {
						CreatedOnToolsVersion = 12.3;
					};
				};
			};
			buildConfigurationList = 63636F182595F48800C4416C /* Build configuration list for PBXProject "Scrumdinger" */;
			compatibilityVersion = "Xcode 9.3";
			developmentRegion = en;
			hasScannedForEncodings = 0;
			knownRegions = (
				en,
				Base,
			);
			mainGroup = 63636F142595F48800C4416C;
			packageReferences = (
				63F071EA25A4C4A500FE28A8 /* XCRemoteSwiftPackageReference "Typographizer" */,
			);
			productRefGroup = 63636F1E2595F48800C4416C /* Products */;
			projectDirPath = "";
			projectRoot = "";
			targets = (
				63636F1C2595F48800C4416C /* Scrumdinger */,
			);
		};
/* End PBXProject section */

/* Begin PBXResourcesBuildPhase section */
		63636F1B2595F48800C4416C /* Resources */ = {
			isa = PBXResourcesBuildPhase;
			buildActionMask = 2147483647;
			files = (
				63636F282595F48900C4416C /* Preview Assets.xcassets in Resources */,
				63636F252595F48900C4416C /* Assets.xcassets in Resources */,
			);
			runOnlyForDeploymentPostprocessing = 0;
		};
/* End PBXResourcesBuildPhase section */

/* Begin PBXSourcesBuildPhase section */
		63636F192595F48800C4416C /* Sources */ = {
			isa = PBXSourcesBuildPhase;
			buildActionMask = 2147483647;
			files = (
				63636F232595F48800C4416C /* MeetingView.swift in Sources */,
				63F9E91E259A975700257AD7 /* ScrumsView.swift in Sources */,
				63AD533D259F5A1B003EB59D /* EditView.swift in Sources */,
				63C1F2E525A79C5500FBC78B /* MeetingHeaderView.swift in Sources */,
				63C1F2E825A7A5F600FBC78B /* ScrumTimer.swift in Sources */,
				63B62E792598C7F9008600BE /* DailyScrum.swift in Sources */,
				63C1F2EB25A7BF2D00FBC78B /* MeetingFooterView.swift in Sources */,
				63C2055B259CB300001536A0 /* DetailView.swift in Sources */,
				63B62E7D2598C98F008600BE /* CardView.swift in Sources */,
				63B62E812598CC1E008600BE /* Color+Codable.swift in Sources */,
				63636F212595F48800C4416C /* ScrumdingerApp.swift in Sources */,
			);
			runOnlyForDeploymentPostprocessing = 0;
		};
/* End PBXSourcesBuildPhase section */

/* Begin XCBuildConfiguration section */
		63636F2A2595F48900C4416C /* Debug */ = {
			isa = XCBuildConfiguration;
			buildSettings = {
				ALWAYS_SEARCH_USER_PATHS = NO;
				CLANG_ANALYZER_NONNULL = YES;
				CLANG_ANALYZER_NUMBER_OBJECT_CONVERSION = YES_AGGRESSIVE;
				CLANG_CXX_LANGUAGE_STANDARD = "gnu++14";
				CLANG_CXX_LIBRARY = "libc++";
				CLANG_ENABLE_MODULES = YES;
				CLANG_ENABLE_OBJC_ARC = YES;
				CLANG_ENABLE_OBJC_WEAK = YES;
				CLANG_WARN_BLOCK_CAPTURE_AUTORELEASING = YES;
				CLANG_WARN_BOOL_CONVERSION = YES;
				CLANG_WARN_COMMA = YES;
				CLANG_WARN_CONSTANT_CONVERSION = YES;
				CLANG_WARN_DEPRECATED_OBJC_IMPLEMENTATIONS = YES;
				CLANG_WARN_DIRECT_OBJC_ISA_USAGE = YES_ERROR;
				CLANG_WARN_DOCUMENTATION_COMMENTS = YES;
				CLANG_WARN_EMPTY_BODY = YES;
				CLANG_WARN_ENUM_CONVERSION = YES;
				CLANG_WARN_INFINITE_RECURSION = YES;
				CLANG_WARN_INT_CONVERSION = YES;
				CLANG_WARN_NON_LITERAL_NULL_CONVERSION = YES;
				CLANG_WARN_OBJC_IMPLICIT_RETAIN_SELF = YES;
				CLANG_WARN_OBJC_LITERAL_CONVERSION = YES;
				CLANG_WARN_OBJC_ROOT_CLASS = YES_ERROR;
				CLANG_WARN_QUOTED_INCLUDE_IN_FRAMEWORK_HEADER = YES;
				CLANG_WARN_RANGE_LOOP_ANALYSIS = YES;
				CLANG_WARN_STRICT_PROTOTYPES = YES;
				CLANG_WARN_SUSPICIOUS_MOVE = YES;
				CLANG_WARN_UNGUARDED_AVAILABILITY = YES_AGGRESSIVE;
				CLANG_WARN_UNREACHABLE_CODE = YES;
				CLANG_WARN__DUPLICATE_METHOD_MATCH = YES;
				COPY_PHASE_STRIP = NO;
				DEBUG_INFORMATION_FORMAT = dwarf;
				ENABLE_STRICT_OBJC_MSGSEND = YES;
				ENABLE_TESTABILITY = YES;
				GCC_C_LANGUAGE_STANDARD = gnu11;
				GCC_DYNAMIC_NO_PIC = NO;
				GCC_NO_COMMON_BLOCKS = YES;
				GCC_OPTIMIZATION_LEVEL = 0;
				GCC_PREPROCESSOR_DEFINITIONS = (
					"DEBUG=1",
					"$(inherited)",
				);
				GCC_WARN_64_TO_32_BIT_CONVERSION = YES;
				GCC_WARN_ABOUT_RETURN_TYPE = YES_ERROR;
				GCC_WARN_UNDECLARED_SELECTOR = YES;
				GCC_WARN_UNINITIALIZED_AUTOS = YES_AGGRESSIVE;
				GCC_WARN_UNUSED_FUNCTION = YES;
				GCC_WARN_UNUSED_VARIABLE = YES;
				IPHONEOS_DEPLOYMENT_TARGET = 14.3;
				MTL_ENABLE_DEBUG_INFO = INCLUDE_SOURCE;
				MTL_FAST_MATH = YES;
				ONLY_ACTIVE_ARCH = YES;
				SDKROOT = iphoneos;
				SWIFT_ACTIVE_COMPILATION_CONDITIONS = DEBUG;
				SWIFT_OPTIMIZATION_LEVEL = "-Onone";
			};
			name = Debug;
		};
		63636F2B2595F48900C4416C /* Release */ = {
			isa = XCBuildConfiguration;
			buildSettings = {
				ALWAYS_SEARCH_USER_PATHS = NO;
				CLANG_ANALYZER_NONNULL = YES;
				CLANG_ANALYZER_NUMBER_OBJECT_CONVERSION = YES_AGGRESSIVE;
				CLANG_CXX_LANGUAGE_STANDARD = "gnu++14";
				CLANG_CXX_LIBRARY = "libc++";
				CLANG_ENABLE_MODULES = YES;
				CLANG_ENABLE_OBJC_ARC = YES;
				CLANG_ENABLE_OBJC_WEAK = YES;
				CLANG_WARN_BLOCK_CAPTURE_AUTORELEASING = YES;
				CLANG_WARN_BOOL_CONVERSION = YES;
				CLANG_WARN_COMMA = YES;
				CLANG_WARN_CONSTANT_CONVERSION = YES;
				CLANG_WARN_DEPRECATED_OBJC_IMPLEMENTATIONS = YES;
				CLANG_WARN_DIRECT_OBJC_ISA_USAGE = YES_ERROR;
				CLANG_WARN_DOCUMENTATION_COMMENTS = YES;
				CLANG_WARN_EMPTY_BODY = YES;
				CLANG_WARN_ENUM_CONVERSION = YES;
				CLANG_WARN_INFINITE_RECURSION = YES;
				CLANG_WARN_INT_CONVERSION = YES;
				CLANG_WARN_NON_LITERAL_NULL_CONVERSION = YES;
				CLANG_WARN_OBJC_IMPLICIT_RETAIN_SELF = YES;
				CLANG_WARN_OBJC_LITERAL_CONVERSION = YES;
				CLANG_WARN_OBJC_ROOT_CLASS = YES_ERROR;
				CLANG_WARN_QUOTED_INCLUDE_IN_FRAMEWORK_HEADER = YES;
				CLANG_WARN_RANGE_LOOP_ANALYSIS = YES;
				CLANG_WARN_STRICT_PROTOTYPES = YES;
				CLANG_WARN_SUSPICIOUS_MOVE = YES;
				CLANG_WARN_UNGUARDED_AVAILABILITY = YES_AGGRESSIVE;
				CLANG_WARN_UNREACHABLE_CODE = YES;
				CLANG_WARN__DUPLICATE_METHOD_MATCH = YES;
				COPY_PHASE_STRIP = NO;
				DEBUG_INFORMATION_FORMAT = "dwarf-with-dsym";
				ENABLE_NS_ASSERTIONS = NO;
				ENABLE_STRICT_OBJC_MSGSEND = YES;
				GCC_C_LANGUAGE_STANDARD = gnu11;
				GCC_NO_COMMON_BLOCKS = YES;
				GCC_WARN_64_TO_32_BIT_CONVERSION = YES;
				GCC_WARN_ABOUT_RETURN_TYPE = YES_ERROR;
				GCC_WARN_UNDECLARED_SELECTOR = YES;
				GCC_WARN_UNINITIALIZED_AUTOS = YES_AGGRESSIVE;
				GCC_WARN_UNUSED_FUNCTION = YES;
				GCC_WARN_UNUSED_VARIABLE = YES;
				IPHONEOS_DEPLOYMENT_TARGET = 14.3;
				MTL_ENABLE_DEBUG_INFO = NO;
				MTL_FAST_MATH = YES;
				SDKROOT = iphoneos;
				SWIFT_COMPILATION_MODE = wholemodule;
				SWIFT_OPTIMIZATION_LEVEL = "-O";
				VALIDATE_PRODUCT = YES;
			};
			name = Release;
		};
		63636F2D2595F48900C4416C /* Debug */ = {
			isa = XCBuildConfiguration;
			buildSettings = {
				ASSETCATALOG_COMPILER_APPICON_NAME = AppIcon;
				ASSETCATALOG_COMPILER_GLOBAL_ACCENT_COLOR_NAME = AccentColor;
				CODE_SIGN_STYLE = Automatic;
				DEVELOPMENT_ASSET_PATHS = "\"Scrumdinger/Preview Content\"";
				DEVELOPMENT_TEAM = W98EPVCR8B;
				ENABLE_PREVIEWS = YES;
				INFOPLIST_FILE = Scrumdinger/Info.plist;
				IPHONEOS_DEPLOYMENT_TARGET = 14.0;
				LD_RUNPATH_SEARCH_PATHS = (
					"$(inherited)",
					"@executable_path/Frameworks",
				);
				PRODUCT_BUNDLE_IDENTIFIER = codes.davidbailey.Scrumdinger;
				PRODUCT_NAME = "$(TARGET_NAME)";
				SWIFT_VERSION = 5.0;
				TARGETED_DEVICE_FAMILY = "1,2";
			};
			name = Debug;
		};
		63636F2E2595F48900C4416C /* Release */ = {
			isa = XCBuildConfiguration;
			buildSettings = {
				ASSETCATALOG_COMPILER_APPICON_NAME = AppIcon;
				ASSETCATALOG_COMPILER_GLOBAL_ACCENT_COLOR_NAME = AccentColor;
				CODE_SIGN_STYLE = Automatic;
				DEVELOPMENT_ASSET_PATHS = "\"Scrumdinger/Preview Content\"";
				DEVELOPMENT_TEAM = W98EPVCR8B;
				ENABLE_PREVIEWS = YES;
				INFOPLIST_FILE = Scrumdinger/Info.plist;
				IPHONEOS_DEPLOYMENT_TARGET = 14.0;
				LD_RUNPATH_SEARCH_PATHS = (
					"$(inherited)",
					"@executable_path/Frameworks",
				);
				PRODUCT_BUNDLE_IDENTIFIER = codes.davidbailey.Scrumdinger;
				PRODUCT_NAME = "$(TARGET_NAME)";
				SWIFT_VERSION = 5.0;
				TARGETED_DEVICE_FAMILY = "1,2";
			};
			name = Release;
		};
/* End XCBuildConfiguration section */

/* Begin XCConfigurationList section */
		63636F182595F48800C4416C /* Build configuration list for PBXProject "Scrumdinger" */ = {
			isa = XCConfigurationList;
			buildConfigurations = (
				63636F2A2595F48900C4416C /* Debug */,
				63636F2B2595F48900C4416C /* Release */,
			);
			defaultConfigurationIsVisible = 0;
			defaultConfigurationName = Release;
		};
		63636F2C2595F48900C4416C /* Build configuration list for PBXNativeTarget "Scrumdinger" */ = {
			isa = XCConfigurationList;
			buildConfigurations = (
				63636F2D2595F48900C4416C /* Debug */,
				63636F2E2595F48900C4416C /* Release */,
			);
			defaultConfigurationIsVisible = 0;
			defaultConfigurationName = Release;
		};
/* End XCConfigurationList section */

/* Begin XCRemoteSwiftPackageReference section */
		63F071EA25A4C4A500FE28A8 /* XCRemoteSwiftPackageReference "Typographizer" */ = {
			isa = XCRemoteSwiftPackageReference;
			repositoryURL = "https://github.com/frankrausch/Typographizer";
			requirement = {
				kind = upToNextMajorVersion;
				minimumVersion = 1.0.2;
			};
		};
/* End XCRemoteSwiftPackageReference section */

/* Begin XCSwiftPackageProductDependency section */
		63F071EB25A4C4A500FE28A8 /* Typographizer */ = {
			isa = XCSwiftPackageProductDependency;
			package = 63F071EA25A4C4A500FE28A8 /* XCRemoteSwiftPackageReference "Typographizer" */;
			productName = Typographizer;
		};
/* End XCSwiftPackageProductDependency section */
	};
	rootObject = 63636F152595F48800C4416C /* Project object */;
}
